<?xml version="1.0" encoding="utf-8"?>
<Project ToolsVersion="4.0" xmlns="http://schemas.microsoft.com/developer/msbuild/2003">
  <ItemGroup>
    <Filter Include="ソース ファイル">
      <UniqueIdentifier>{4FC737F1-C7A5-4376-A066-2A32D752A2FF}</UniqueIdentifier>
      <Extensions>cpp;c;cc;cxx;def;odl;idl;hpj;bat;asm;asmx</Extensions>
    </Filter>
    <Filter Include="ヘッダー ファイル">
      <UniqueIdentifier>{93995380-89BD-4b04-88EB-625FBE52EBFB}</UniqueIdentifier>
      <Extensions>h;hh;hpp;hxx;hm;inl;inc;xsd</Extensions>
    </Filter>
    <Filter Include="リソース ファイル">
      <UniqueIdentifier>{67DA6AB6-F800-4c08-8B7A-83BB121AAD01}</UniqueIdentifier>
      <Extensions>rc;ico;cur;bmp;dlg;rc2;rct;bin;rgs;gif;jpg;jpeg;jpe;resx;tiff;tif;png;wav;mfcribbon-ms</Extensions>
    </Filter>
    <Filter Include="ソース ファイル\DrFramework">
      <UniqueIdentifier>{fc497148-0f36-4b02-9826-dc103b39e871}</UniqueIdentifier>
    </Filter>
    <Filter Include="ソース ファイル\DrFramework\Window">
      <UniqueIdentifier>{18c3cb81-436f-4912-9bdf-5dd0a349f108}</UniqueIdentifier>
    </Filter>
    <Filter Include="ソース ファイル\DrFramework\Utility">
      <UniqueIdentifier>{168ac0b5-ef84-407f-b2c4-1f0eb2423b68}</UniqueIdentifier>
    </Filter>
  </ItemGroup>
  <ItemGroup>
    <ClInclude Include="Assets\Sauce\DrFrameWork\Utility\DrTypeCmn.h">
      <Filter>ソース ファイル\DrFramework\Utility</Filter>
    </ClInclude>
    <ClInclude Include="Assets\Sauce\DrFrameWork\Utility\DrTypeArray.h">
      <Filter>ソース ファイル\DrFramework\Utility</Filter>
    </ClInclude>
    <ClInclude Include="Assets\Sauce\DrFrameWork\Window\DrWindow.h">
      <Filter>ソース ファイル\DrFramework\Window</Filter>
    </ClInclude>
  </ItemGroup>
  <ItemGroup>
    <ClCompile Include="Assets\Sauce\DrFrameWork\Window\DrWindow.cpp">
      <Filter>ソース ファイル\DrFramework\Window</Filter>
    </ClCompile>
    <ClCompile Include="Assets\Sauce\DrFrameWork\Window\DrEntryPoint_Win.cpp">
      <Filter>ソース ファイル\DrFramework</Filter>
    </ClCompile>
  </ItemGroup>
</Project>